
Microsoft Visual Studio Solution File, Format Version 12.00
# Visual Studio Version 17
VisualStudioVersion = 17.6.33815.320
MinimumVisualStudioVersion = 10.0.40219.1
Project("{FAE04EC0-301F-11D3-BF4B-00C04F79EFBC}") = "UFileMigrator", "UFileMigrator.csproj", "{CF1CA704-D2BE-43AD-BE61-6F6CB27D420A}"
EndProject
Global
	GlobalSection(SolutionConfigurationPlatforms) = preSolution
		Debug|Any CPU = Debug|Any CPU
		Release|Any CPU = Release|Any CPU
	EndGlobalSection
	GlobalSection(ProjectConfigurationPlatforms) = postSolution
		{CF1CA704-D2BE-43AD-BE61-6F6CB27D420A}.Debug|Any CPU.ActiveCfg = Debug|Any CPU
		{CF1CA704-D2BE-43AD-BE61-6F6CB27D420A}.Debug|Any CPU.Build.0 = Debug|Any CPU
		{CF1CA704-D2BE-43AD-BE61-6F6CB27D420A}.Release|Any CPU.ActiveCfg = Release|Any CPU
		{CF1CA704-D2BE-43AD-BE61-6F6CB27D420A}.Release|Any CPU.Build.0 = Release|Any CPU
	EndGlobalSection
	GlobalSection(SolutionProperties) = preSolution
		HideSolutionNode = FALSE
	EndGlobalSection
	GlobalSection(ExtensibilityGlobals) = postSolution
		SolutionGuid = {96C48F73-E987-49FB-8DF9-69A4D8551B15}
	EndGlobalSection
EndGlobal
